
Microsoft Visual Studio Solution File, Format Version 12.00
# Visual Studio 2013
VisualStudioVersion = 12.0.30501.0
MinimumVisualStudioVersion = 10.0.40219.1
Project("{FAE04EC0-301F-11D3-BF4B-00C04F79EFBC}") = "FNHMVC.CommandProcessor", "FNHMVC.CommandProcessor\FNHMVC.CommandProcessor.csproj", "{90B8BD02-A12A-4618-8929-C68E5035F179}"
EndProject
Project("{FAE04EC0-301F-11D3-BF4B-00C04F79EFBC}") = "FNHMVC.Core", "FNHMVC.Core\FNHMVC.Core.csproj", "{717E9B90-BDE5-4B20-846F-622928581FC9}"
EndProject
Project("{FAE04EC0-301F-11D3-BF4B-00C04F79EFBC}") = "FNHMVC.Data", "FNHMVC.Data\FNHMVC.Data.csproj", "{991528EA-9D75-41FD-888E-CC4B7F8C96F7}"
EndProject
Project("{FAE04EC0-301F-11D3-BF4B-00C04F79EFBC}") = "FNHMVC.Domain", "FNHMVC.Domain\FNHMVC.Domain.csproj", "{4F173B2D-0D64-47CA-9469-C477645C27E4}"
EndProject
Project("{FAE04EC0-301F-11D3-BF4B-00C04F79EFBC}") = "FNHMVC.Model", "FNHMVC.Model\FNHMVC.Model.csproj", "{36384326-E85D-4753-8019-F99D65AF0611}"
EndProject
Project("{FAE04EC0-301F-11D3-BF4B-00C04F79EFBC}") = "FNHMVC.Web.Core", "FNHMVC.Web.Core\FNHMVC.Web.Core.csproj", "{EE9F6851-8D21-49CA-B122-83C61B44EF28}"
EndProject
Project("{FAE04EC0-301F-11D3-BF4B-00C04F79EFBC}") = "FNHMVC.Web", "FNHMVC.Web\FNHMVC.Web.csproj", "{8FAEE83E-8134-4760-A778-70EA245E588B}"
EndProject
Project("{FAE04EC0-301F-11D3-BF4B-00C04F79EFBC}") = "FNHMVC.Web.API", "FNHMVC.Web.API\FNHMVC.Web.API.csproj", "{572DD1A4-DFDA-4D19-9348-B3C18A6203A5}"
EndProject
Project("{FAE04EC0-301F-11D3-BF4B-00C04F79EFBC}") = "FNHMVC.Test", "FNHMVC.Test\FNHMVC.Test.csproj", "{3D312027-6F3D-480B-BEF7-5F7DF641F0A4}"
EndProject
Project("{CC5FD16D-436D-48AD-A40C-5A424C6E3E79}") = "FNHMVC.Azure", "FNHMVC.Azure\FNHMVC.Azure.ccproj", "{5214ACCF-54D8-491C-825A-6C73363CAC71}"
EndProject
Global
	GlobalSection(TeamFoundationVersionControl) = preSolution
		SccNumberOfProjects = 11
		SccEnterpriseProvider = {4CA58AB2-18FA-4F8D-95D4-32DDF27D184C}
		SccTeamFoundationServer = https://tfs.codeplex.com/tfs/tfs24
		SccLocalPath0 = .
		SccProjectUniqueName1 = FNHMVC.CommandProcessor\\FNHMVC.CommandProcessor.csproj
		SccProjectName1 = FNHMVC.CommandProcessor
		SccLocalPath1 = FNHMVC.CommandProcessor
		SccProjectUniqueName2 = FNHMVC.Core\\FNHMVC.Core.csproj
		SccProjectName2 = FNHMVC.Core
		SccLocalPath2 = FNHMVC.Core
		SccProjectUniqueName3 = FNHMVC.Data\\FNHMVC.Data.csproj
		SccProjectName3 = FNHMVC.Data
		SccLocalPath3 = FNHMVC.Data
		SccProjectUniqueName4 = FNHMVC.Domain\\FNHMVC.Domain.csproj
		SccProjectName4 = FNHMVC.Domain
		SccLocalPath4 = FNHMVC.Domain
		SccProjectUniqueName5 = FNHMVC.Model\\FNHMVC.Model.csproj
		SccProjectName5 = FNHMVC.Model
		SccLocalPath5 = FNHMVC.Model
		SccProjectUniqueName6 = FNHMVC.Web.Core\\FNHMVC.Web.Core.csproj
		SccProjectName6 = FNHMVC.Web.Core
		SccLocalPath6 = FNHMVC.Web.Core
		SccProjectUniqueName7 = FNHMVC.Web\\FNHMVC.Web.csproj
		SccProjectName7 = FNHMVC.Web
		SccLocalPath7 = FNHMVC.Web
		SccProjectUniqueName8 = FNHMVC.Web.API\\FNHMVC.Web.API.csproj
		SccProjectName8 = FNHMVC.Web.API
		SccLocalPath8 = FNHMVC.Web.API
		SccProjectUniqueName9 = FNHMVC.Test\\FNHMVC.Test.csproj
		SccProjectName9 = FNHMVC.Test
		SccLocalPath9 = FNHMVC.Test
		SccProjectUniqueName10 = FNHMVC.Azure\\FNHMVC.Azure.ccproj
		SccProjectName10 = FNHMVC.Azure
		SccLocalPath10 = FNHMVC.Azure
	EndGlobalSection
	GlobalSection(SolutionConfigurationPlatforms) = preSolution
		Debug|Any CPU = Debug|Any CPU
		Release|Any CPU = Release|Any CPU
	EndGlobalSection
	GlobalSection(ProjectConfigurationPlatforms) = postSolution
		{90B8BD02-A12A-4618-8929-C68E5035F179}.Debug|Any CPU.ActiveCfg = Debug|Any CPU
		{90B8BD02-A12A-4618-8929-C68E5035F179}.Debug|Any CPU.Build.0 = Debug|Any CPU
		{90B8BD02-A12A-4618-8929-C68E5035F179}.Release|Any CPU.ActiveCfg = Release|Any CPU
		{90B8BD02-A12A-4618-8929-C68E5035F179}.Release|Any CPU.Build.0 = Release|Any CPU
		{717E9B90-BDE5-4B20-846F-622928581FC9}.Debug|Any CPU.ActiveCfg = Debug|Any CPU
		{717E9B90-BDE5-4B20-846F-622928581FC9}.Debug|Any CPU.Build.0 = Debug|Any CPU
		{717E9B90-BDE5-4B20-846F-622928581FC9}.Release|Any CPU.ActiveCfg = Release|Any CPU
		{717E9B90-BDE5-4B20-846F-622928581FC9}.Release|Any CPU.Build.0 = Release|Any CPU
		{991528EA-9D75-41FD-888E-CC4B7F8C96F7}.Debug|Any CPU.ActiveCfg = Debug|Any CPU
		{991528EA-9D75-41FD-888E-CC4B7F8C96F7}.Debug|Any CPU.Build.0 = Debug|Any CPU
		{991528EA-9D75-41FD-888E-CC4B7F8C96F7}.Release|Any CPU.ActiveCfg = Release|Any CPU
		{991528EA-9D75-41FD-888E-CC4B7F8C96F7}.Release|Any CPU.Build.0 = Release|Any CPU
		{4F173B2D-0D64-47CA-9469-C477645C27E4}.Debug|Any CPU.ActiveCfg = Debug|Any CPU
		{4F173B2D-0D64-47CA-9469-C477645C27E4}.Debug|Any CPU.Build.0 = Debug|Any CPU
		{4F173B2D-0D64-47CA-9469-C477645C27E4}.Release|Any CPU.ActiveCfg = Release|Any CPU
		{4F173B2D-0D64-47CA-9469-C477645C27E4}.Release|Any CPU.Build.0 = Release|Any CPU
		{36384326-E85D-4753-8019-F99D65AF0611}.Debug|Any CPU.ActiveCfg = Debug|Any CPU
		{36384326-E85D-4753-8019-F99D65AF0611}.Debug|Any CPU.Build.0 = Debug|Any CPU
		{36384326-E85D-4753-8019-F99D65AF0611}.Release|Any CPU.ActiveCfg = Release|Any CPU
		{36384326-E85D-4753-8019-F99D65AF0611}.Release|Any CPU.Build.0 = Release|Any CPU
		{EE9F6851-8D21-49CA-B122-83C61B44EF28}.Debug|Any CPU.ActiveCfg = Debug|Any CPU
		{EE9F6851-8D21-49CA-B122-83C61B44EF28}.Debug|Any CPU.Build.0 = Debug|Any CPU
		{EE9F6851-8D21-49CA-B122-83C61B44EF28}.Release|Any CPU.ActiveCfg = Release|Any CPU
		{EE9F6851-8D21-49CA-B122-83C61B44EF28}.Release|Any CPU.Build.0 = Release|Any CPU
		{8FAEE83E-8134-4760-A778-70EA245E588B}.Debug|Any CPU.ActiveCfg = Debug|Any CPU
		{8FAEE83E-8134-4760-A778-70EA245E588B}.Debug|Any CPU.Build.0 = Debug|Any CPU
		{8FAEE83E-8134-4760-A778-70EA245E588B}.Release|Any CPU.ActiveCfg = Release|Any CPU
		{8FAEE83E-8134-4760-A778-70EA245E588B}.Release|Any CPU.Build.0 = Release|Any CPU
		{572DD1A4-DFDA-4D19-9348-B3C18A6203A5}.Debug|Any CPU.ActiveCfg = Debug|Any CPU
		{572DD1A4-DFDA-4D19-9348-B3C18A6203A5}.Debug|Any CPU.Build.0 = Debug|Any CPU
		{572DD1A4-DFDA-4D19-9348-B3C18A6203A5}.Release|Any CPU.ActiveCfg = Release|Any CPU
		{572DD1A4-DFDA-4D19-9348-B3C18A6203A5}.Release|Any CPU.Build.0 = Release|Any CPU
		{3D312027-6F3D-480B-BEF7-5F7DF641F0A4}.Debug|Any CPU.ActiveCfg = Debug|Any CPU
		{3D312027-6F3D-480B-BEF7-5F7DF641F0A4}.Debug|Any CPU.Build.0 = Debug|Any CPU
		{3D312027-6F3D-480B-BEF7-5F7DF641F0A4}.Release|Any CPU.ActiveCfg = Release|Any CPU
		{3D312027-6F3D-480B-BEF7-5F7DF641F0A4}.Release|Any CPU.Build.0 = Release|Any CPU
		{5214ACCF-54D8-491C-825A-6C73363CAC71}.Debug|Any CPU.ActiveCfg = Debug|Any CPU
		{5214ACCF-54D8-491C-825A-6C73363CAC71}.Debug|Any CPU.Build.0 = Debug|Any CPU
		{5214ACCF-54D8-491C-825A-6C73363CAC71}.Release|Any CPU.ActiveCfg = Release|Any CPU
		{5214ACCF-54D8-491C-825A-6C73363CAC71}.Release|Any CPU.Build.0 = Release|Any CPU
	EndGlobalSection
	GlobalSection(SolutionProperties) = preSolution
		HideSolutionNode = FALSE
	EndGlobalSection
EndGlobal
